
Microsoft Visual Studio Solution File, Format Version 11.00
# Visual Studio 2010
Project("{FAE04EC0-301F-11D3-BF4B-00C04F79EFBC}") = "Assembly-CSharp", "Assembly-CSharp.csproj", "{e6faa1b6-3264-d8d8-d78b-60647433711e}"
EndProject
Project("{FAE04EC0-301F-11D3-BF4B-00C04F79EFBC}") = "Assembly-CSharp-firstpass", "Assembly-CSharp-firstpass.csproj", "{941ae0e8-ffb5-7bfd-e6df-2a5cc6b3385b}"
EndProject
Project("{FAE04EC0-301F-11D3-BF4B-00C04F79EFBC}") = "Assembly-CSharp-Editor-firstpass", "Assembly-CSharp-Editor-firstpass.csproj", "{a8e13891-78cb-a6ff-56e7-dc2f260ffc70}"
EndProject
Project("{FAE04EC0-301F-11D3-BF4B-00C04F79EFBC}") = "Assembly-CSharp-Editor", "Assembly-CSharp-Editor.csproj", "{ac2d6282-82ac-f3de-c86d-84a22410df4c}"
EndProject
Global
	GlobalSection(SolutionConfigurationPlatforms) = preSolution
		Debug|Any CPU = Debug|Any CPU
	EndGlobalSection
	GlobalSection(ProjectConfigurationPlatforms) = postSolution
		{e6faa1b6-3264-d8d8-d78b-60647433711e}.Debug|Any CPU.ActiveCfg = Debug|Any CPU
		{e6faa1b6-3264-d8d8-d78b-60647433711e}.Debug|Any CPU.Build.0 = Debug|Any CPU
		{941ae0e8-ffb5-7bfd-e6df-2a5cc6b3385b}.Debug|Any CPU.ActiveCfg = Debug|Any CPU
		{941ae0e8-ffb5-7bfd-e6df-2a5cc6b3385b}.Debug|Any CPU.Build.0 = Debug|Any CPU
		{a8e13891-78cb-a6ff-56e7-dc2f260ffc70}.Debug|Any CPU.ActiveCfg = Debug|Any CPU
		{a8e13891-78cb-a6ff-56e7-dc2f260ffc70}.Debug|Any CPU.Build.0 = Debug|Any CPU
		{ac2d6282-82ac-f3de-c86d-84a22410df4c}.Debug|Any CPU.ActiveCfg = Debug|Any CPU
		{ac2d6282-82ac-f3de-c86d-84a22410df4c}.Debug|Any CPU.Build.0 = Debug|Any CPU
	EndGlobalSection
	GlobalSection(SolutionProperties) = preSolution
		HideSolutionNode = FALSE
	EndGlobalSection
EndGlobal
