
Microsoft Visual Studio Solution File, Format Version 11.00
# Visual Studio 2010
Project("{FAE04EC0-301F-11D3-BF4B-00C04F79EFBC}") = "Assembly-CSharp", "Assembly-CSharp.csproj", "{B6A1FAE6-6432-D8D8-D78B-60647433711E}"
EndProject
Project("{FAE04EC0-301F-11D3-BF4B-00C04F79EFBC}") = "Assembly-CSharp-firstpass", "Assembly-CSharp-firstpass.csproj", "{E8E01A94-B5FF-FD7B-E6DF-2A5CC6B3385B}"
EndProject
Project("{FAE04EC0-301F-11D3-BF4B-00C04F79EFBC}") = "Assembly-CSharp-Editor-firstpass", "Assembly-CSharp-Editor-firstpass.csproj", "{9138E1A8-CB78-FFA6-56E7-DC2F260FFC70}"
EndProject
Project("{FAE04EC0-301F-11D3-BF4B-00C04F79EFBC}") = "Assembly-CSharp-Editor", "Assembly-CSharp-Editor.csproj", "{82622DAC-AC82-DEF3-C86D-84A22410DF4C}"
EndProject
Global
	GlobalSection(SolutionConfigurationPlatforms) = preSolution
		Debug|Any CPU = Debug|Any CPU
		Release|Any CPU = Release|Any CPU
	EndGlobalSection
	GlobalSection(ProjectConfigurationPlatforms) = postSolution
		{B6A1FAE6-6432-D8D8-D78B-60647433711E}.Debug|Any CPU.ActiveCfg = Debug|Any CPU
		{B6A1FAE6-6432-D8D8-D78B-60647433711E}.Debug|Any CPU.Build.0 = Debug|Any CPU
		{B6A1FAE6-6432-D8D8-D78B-60647433711E}.Release|Any CPU.ActiveCfg = Release|Any CPU
		{B6A1FAE6-6432-D8D8-D78B-60647433711E}.Release|Any CPU.Build.0 = Release|Any CPU
		{E8E01A94-B5FF-FD7B-E6DF-2A5CC6B3385B}.Debug|Any CPU.ActiveCfg = Debug|Any CPU
		{E8E01A94-B5FF-FD7B-E6DF-2A5CC6B3385B}.Debug|Any CPU.Build.0 = Debug|Any CPU
		{E8E01A94-B5FF-FD7B-E6DF-2A5CC6B3385B}.Release|Any CPU.ActiveCfg = Release|Any CPU
		{E8E01A94-B5FF-FD7B-E6DF-2A5CC6B3385B}.Release|Any CPU.Build.0 = Release|Any CPU
		{9138E1A8-CB78-FFA6-56E7-DC2F260FFC70}.Debug|Any CPU.ActiveCfg = Debug|Any CPU
		{9138E1A8-CB78-FFA6-56E7-DC2F260FFC70}.Debug|Any CPU.Build.0 = Debug|Any CPU
		{9138E1A8-CB78-FFA6-56E7-DC2F260FFC70}.Release|Any CPU.ActiveCfg = Release|Any CPU
		{9138E1A8-CB78-FFA6-56E7-DC2F260FFC70}.Release|Any CPU.Build.0 = Release|Any CPU
		{82622DAC-AC82-DEF3-C86D-84A22410DF4C}.Debug|Any CPU.ActiveCfg = Debug|Any CPU
		{82622DAC-AC82-DEF3-C86D-84A22410DF4C}.Debug|Any CPU.Build.0 = Debug|Any CPU
		{82622DAC-AC82-DEF3-C86D-84A22410DF4C}.Release|Any CPU.ActiveCfg = Release|Any CPU
		{82622DAC-AC82-DEF3-C86D-84A22410DF4C}.Release|Any CPU.Build.0 = Release|Any CPU
	EndGlobalSection
	GlobalSection(SolutionProperties) = preSolution
		HideSolutionNode = FALSE
	EndGlobalSection
EndGlobal
